// !$*UTF8*$!
{
	archiveVersion = 1;
	classes = {
	};
	objectVersion = 50;
	objects = {

/* Begin PBXBuildFile section */
		A83F9A4520F7284800467A36 /* AppDelegate.swift in Sources */ = {isa = PBXBuildFile; fileRef = A83F9A4420F7284800467A36 /* AppDelegate.swift */; };
		A83F9A4720F7284800467A36 /* ViewController.swift in Sources */ = {isa = PBXBuildFile; fileRef = A83F9A4620F7284800467A36 /* ViewController.swift */; };
		A83F9A4A20F7284800467A36 /* Main.storyboard in Resources */ = {isa = PBXBuildFile; fileRef = A83F9A4820F7284800467A36 /* Main.storyboard */; };
		A83F9A4C20F7284800467A36 /* Assets.xcassets in Resources */ = {isa = PBXBuildFile; fileRef = A83F9A4B20F7284800467A36 /* Assets.xcassets */; };
		A83F9A4F20F7284800467A36 /* LaunchScreen.storyboard in Resources */ = {isa = PBXBuildFile; fileRef = A83F9A4D20F7284800467A36 /* LaunchScreen.storyboard */; };
		A83F9A5720F728DA00467A36 /* ContentPageViewController.swift in Sources */ = {isa = PBXBuildFile; fileRef = A83F9A5620F728D900467A36 /* ContentPageViewController.swift */; };
		A83F9A5920F728E200467A36 /* PageViewController.swift in Sources */ = {isa = PBXBuildFile; fileRef = A83F9A5820F728E200467A36 /* PageViewController.swift */; };
/* End PBXBuildFile section */

/* Begin PBXFileReference section */
		A83F9A4120F7284800467A36 /* UIPageView.app */ = {isa = PBXFileReference; explicitFileType = wrapper.application; includeInIndex = 0; path = UIPageView.app; sourceTree = BUILT_PRODUCTS_DIR; };
		A83F9A4420F7284800467A36 /* AppDelegate.swift */ = {isa = PBXFileReference; lastKnownFileType = sourcecode.swift; path = AppDelegate.swift; sourceTree = "<group>"; };
		A83F9A4620F7284800467A36 /* ViewController.swift */ = {isa = PBXFileReference; lastKnownFileType = sourcecode.swift; path = ViewController.swift; sourceTree = "<group>"; };
		A83F9A4920F7284800467A36 /* Base */ = {isa = PBXFileReference; lastKnownFileType = file.storyboard; name = Base; path = Base.lproj/Main.storyboard; sourceTree = "<group>"; };
		A83F9A4B20F7284800467A36 /* Assets.xcassets */ = {isa = PBXFileReference; lastKnownFileType = folder.assetcatalog; path = Assets.xcassets; sourceTree = "<group>"; };
		A83F9A4E20F7284800467A36 /* Base */ = {isa = PBXFileReference; lastKnownFileType = file.storyboard; name = Base; path = Base.lproj/LaunchScreen.storyboard; sourceTree = "<group>"; };
		A83F9A5020F7284800467A36 /* Info.plist */ = {isa = PBXFileReference; lastKnownFileType = text.plist.xml; path = Info.plist; sourceTree = "<group>"; };
		A83F9A5620F728D900467A36 /* ContentPageViewController.swift */ = {isa = PBXFileReference; fileEncoding = 4; lastKnownFileType = sourcecode.swift; path = ContentPageViewController.swift; sourceTree = "<group>"; };
		A83F9A5820F728E200467A36 /* PageViewController.swift */ = {isa = PBXFileReference; fileEncoding = 4; lastKnownFileType = sourcecode.swift; path = PageViewController.swift; sourceTree = "<group>"; };
/* End PBXFileReference section */

/* Begin PBXFrameworksBuildPhase section */
		A83F9A3E20F7284800467A36 /* Frameworks */ = {
			isa = PBXFrameworksBuildPhase;
			buildActionMask = 2147483647;
			files = (
			);
			runOnlyForDeploymentPostprocessing = 0;
		};
/* End PBXFrameworksBuildPhase section */

/* Begin PBXGroup section */
		A83F9A3820F7284800467A36 = {
			isa = PBXGroup;
			children = (
				A83F9A4320F7284800467A36 /* UIPageView */,
				A83F9A4220F7284800467A36 /* Products */,
			);
			sourceTree = "<group>";
		};
		A83F9A4220F7284800467A36 /* Products */ = {
			isa = PBXGroup;
			children = (
				A83F9A4120F7284800467A36 /* UIPageView.app */,
			);
			name = Products;
			sourceTree = "<group>";
		};
		A83F9A4320F7284800467A36 /* UIPageView */ = {
			isa = PBXGroup;
			children = (
				A83F9A4420F7284800467A36 /* AppDelegate.swift */,
				A83F9A4620F7284800467A36 /* ViewController.swift */,
				A83F9A5620F728D900467A36 /* ContentPageViewController.swift */,
				A83F9A5820F728E200467A36 /* PageViewController.swift */,
				A83F9A4820F7284800467A36 /* Main.storyboard */,
				A83F9A4B20F7284800467A36 /* Assets.xcassets */,
				A83F9A4D20F7284800467A36 /* LaunchScreen.storyboard */,
				A83F9A5020F7284800467A36 /* Info.plist */,
			);
			path = UIPageView;
			sourceTree = "<group>";
		};
/* End PBXGroup section */

/* Begin PBXNativeTarget section */
		A83F9A4020F7284800467A36 /* UIPageView */ = {
			isa = PBXNativeTarget;
			buildConfigurationList = A83F9A5320F7284800467A36 /* Build configuration list for PBXNativeTarget "UIPageView" */;
			buildPhases = (
				A83F9A3D20F7284800467A36 /* Sources */,
				A83F9A3E20F7284800467A36 /* Frameworks */,
				A83F9A3F20F7284800467A36 /* Resources */,
			);
			buildRules = (
			);
			dependencies = (
			);
			name = UIPageView;
			productName = UIPageView;
			productReference = A83F9A4120F7284800467A36 /* UIPageView.app */;
			productType = "com.apple.product-type.application";
		};
/* End PBXNativeTarget section */

/* Begin PBXProject section */
		A83F9A3920F7284800467A36 /* Project object */ = {
			isa = PBXProject;
			attributes = {
				LastSwiftUpdateCheck = 1000;
				LastUpgradeCheck = 1000;
				ORGANIZATIONNAME = "Alexey Efimov";
				TargetAttributes = {
					A83F9A4020F7284800467A36 = {
						CreatedOnToolsVersion = 10.0;
					};
				};
			};
			buildConfigurationList = A83F9A3C20F7284800467A36 /* Build configuration list for PBXProject "UIPageView" */;
			compatibilityVersion = "Xcode 9.3";
			developmentRegion = en;
			hasScannedForEncodings = 0;
			knownRegions = (
				en,
				Base,
			);
			mainGroup = A83F9A3820F7284800467A36;
			productRefGroup = A83F9A4220F7284800467A36 /* Products */;
			projectDirPath = "";
			projectRoot = "";
			targets = (
				A83F9A4020F7284800467A36 /* UIPageView */,
			);
		};
/* End PBXProject section */

/* Begin PBXResourcesBuildPhase section */
		A83F9A3F20F7284800467A36 /* Resources */ = {
			isa = PBXResourcesBuildPhase;
			buildActionMask = 2147483647;
			files = (
				A83F9A4F20F7284800467A36 /* LaunchScreen.storyboard in Resources */,
				A83F9A4C20F7284800467A36 /* Assets.xcassets in Resources */,
				A83F9A4A20F7284800467A36 /* Main.storyboard in Resources */,
			);
			runOnlyForDeploymentPostprocessing = 0;
		};
/* End PBXResourcesBuildPhase section */

/* Begin PBXSourcesBuildPhase section */
		A83F9A3D20F7284800467A36 /* Sources */ = {
			isa = PBXSourcesBuildPhase;
			buildActionMask = 2147483647;
			files = (
				A83F9A4720F7284800467A36 /* ViewController.swift in Sources */,
				A83F9A4520F7284800467A36 /* AppDelegate.swift in Sources */,
				A83F9A5720F728DA00467A36 /* ContentPageViewController.swift in Sources */,
				A83F9A5920F728E200467A36 /* PageViewController.swift in Sources */,
			);
			runOnlyForDeploymentPostprocessing = 0;
		};
/* End PBXSourcesBuildPhase section */

/* Begin PBXVariantGroup section */
		A83F9A4820F7284800467A36 /* Main.storyboard */ = {
			isa = PBXVariantGroup;
			children = (
				A83F9A4920F7284800467A36 /* Base */,
			);
			name = Main.storyboard;
			sourceTree = "<group>";
		};
		A83F9A4D20F7284800467A36 /* LaunchScreen.storyboard */ = {
			isa = PBXVariantGroup;
			children = (
				A83F9A4E20F7284800467A36 /* Base */,
			);
			name = LaunchScreen.storyboard;
			sourceTree = "<group>";
		};
/* End PBXVariantGroup section */

/* Begin XCBuildConfiguration section */
		A83F9A5120F7284800467A36 /* Debug */ = {
			isa = XCBuildConfiguration;
			buildSettings = {
				ALWAYS_SEARCH_USER_PATHS = NO;
				CLANG_ANALYZER_NONNULL = YES;
				CLANG_ANALYZER_NUMBER_OBJECT_CONVERSION = YES_AGGRESSIVE;
				CLANG_CXX_LANGUAGE_STANDARD = "gnu++14";
				CLANG_CXX_LIBRARY = "libc++";
				CLANG_ENABLE_MODULES = YES;
				CLANG_ENABLE_OBJC_ARC = YES;
				CLANG_ENABLE_OBJC_WEAK = YES;
				CLANG_WARN_BLOCK_CAPTURE_AUTORELEASING = YES;
				CLANG_WARN_BOOL_CONVERSION = YES;
				CLANG_WARN_COMMA = YES;
				CLANG_WARN_CONSTANT_CONVERSION = YES;
				CLANG_WARN_DEPRECATED_OBJC_IMPLEMENTATIONS = YES;
				CLANG_WARN_DIRECT_OBJC_ISA_USAGE = YES_ERROR;
				CLANG_WARN_DOCUMENTATION_COMMENTS = YES;
				CLANG_WARN_EMPTY_BODY = YES;
				CLANG_WARN_ENUM_CONVERSION = YES;
				CLANG_WARN_INFINITE_RECURSION = YES;
				CLANG_WARN_INT_CONVERSION = YES;
				CLANG_WARN_NON_LITERAL_NULL_CONVERSION = YES;
				CLANG_WARN_OBJC_IMPLICIT_RETAIN_SELF = YES;
				CLANG_WARN_OBJC_LITERAL_CONVERSION = YES;
				CLANG_WARN_OBJC_ROOT_CLASS = YES_ERROR;
				CLANG_WARN_RANGE_LOOP_ANALYSIS = YES;
				CLANG_WARN_STRICT_PROTOTYPES = YES;
				CLANG_WARN_SUSPICIOUS_MOVE = YES;
				CLANG_WARN_UNGUARDED_AVAILABILITY = YES_AGGRESSIVE;
				CLANG_WARN_UNREACHABLE_CODE = YES;
				CLANG_WARN__DUPLICATE_METHOD_MATCH = YES;
				CODE_SIGN_IDENTITY = "iPhone Developer";
				COPY_PHASE_STRIP = NO;
				DEBUG_INFORMATION_FORMAT = dwarf;
				ENABLE_STRICT_OBJC_MSGSEND = YES;
				ENABLE_TESTABILITY = YES;
				GCC_C_LANGUAGE_STANDARD = gnu11;
				GCC_DYNAMIC_NO_PIC = NO;
				GCC_NO_COMMON_BLOCKS = YES;
				GCC_OPTIMIZATION_LEVEL = 0;
				GCC_PREPROCESSOR_DEFINITIONS = (
					"DEBUG=1",
					"$(inherited)",
				);
				GCC_WARN_64_TO_32_BIT_CONVERSION = YES;
				GCC_WARN_ABOUT_RETURN_TYPE = YES_ERROR;
				GCC_WARN_UNDECLARED_SELECTOR = YES;
				GCC_WARN_UNINITIALIZED_AUTOS = YES_AGGRESSIVE;
				GCC_WARN_UNUSED_FUNCTION = YES;
				GCC_WARN_UNUSED_VARIABLE = YES;
				IPHONEOS_DEPLOYMENT_TARGET = 12.0;
				MTL_ENABLE_DEBUG_INFO = INCLUDE_SOURCE;
				ONLY_ACTIVE_ARCH = YES;
				SDKROOT = iphoneos;
				SWIFT_ACTIVE_COMPILATION_CONDITIONS = DEBUG;
				SWIFT_OPTIMIZATION_LEVEL = "-Onone";
			};
			name = Debug;
		};
		A83F9A5220F7284800467A36 /* Release */ = {
			isa = XCBuildConfiguration;
			buildSettings = {
				ALWAYS_SEARCH_USER_PATHS = NO;
				CLANG_ANALYZER_NONNULL = YES;
				CLANG_ANALYZER_NUMBER_OBJECT_CONVERSION = YES_AGGRESSIVE;
				CLANG_CXX_LANGUAGE_STANDARD = "gnu++14";
				CLANG_CXX_LIBRARY = "libc++";
				CLANG_ENABLE_MODULES = YES;
				CLANG_ENABLE_OBJC_ARC = YES;
				CLANG_ENABLE_OBJC_WEAK = YES;
				CLANG_WARN_BLOCK_CAPTURE_AUTORELEASING = YES;
				CLANG_WARN_BOOL_CONVERSION = YES;
				CLANG_WARN_COMMA = YES;
				CLANG_WARN_CONSTANT_CONVERSION = YES;
				CLANG_WARN_DEPRECATED_OBJC_IMPLEMENTATIONS = YES;
				CLANG_WARN_DIRECT_OBJC_ISA_USAGE = YES_ERROR;
				CLANG_WARN_DOCUMENTATION_COMMENTS = YES;
				CLANG_WARN_EMPTY_BODY = YES;
				CLANG_WARN_ENUM_CONVERSION = YES;
				CLANG_WARN_INFINITE_RECURSION = YES;
				CLANG_WARN_INT_CONVERSION = YES;
				CLANG_WARN_NON_LITERAL_NULL_CONVERSION = YES;
				CLANG_WARN_OBJC_IMPLICIT_RETAIN_SELF = YES;
				CLANG_WARN_OBJC_LITERAL_CONVERSION = YES;
				CLANG_WARN_OBJC_ROOT_CLASS = YES_ERROR;
				CLANG_WARN_RANGE_LOOP_ANALYSIS = YES;
				CLANG_WARN_STRICT_PROTOTYPES = YES;
				CLANG_WARN_SUSPICIOUS_MOVE = YES;
				CLANG_WARN_UNGUARDED_AVAILABILITY = YES_AGGRESSIVE;
				CLANG_WARN_UNREACHABLE_CODE = YES;
				CLANG_WARN__DUPLICATE_METHOD_MATCH = YES;
				CODE_SIGN_IDENTITY = "iPhone Developer";
				COPY_PHASE_STRIP = NO;
				DEBUG_INFORMATION_FORMAT = "dwarf-with-dsym";
				ENABLE_NS_ASSERTIONS = NO;
				ENABLE_STRICT_OBJC_MSGSEND = YES;
				GCC_C_LANGUAGE_STANDARD = gnu11;
				GCC_NO_COMMON_BLOCKS = YES;
				GCC_WARN_64_TO_32_BIT_CONVERSION = YES;
				GCC_WARN_ABOUT_RETURN_TYPE = YES_ERROR;
				GCC_WARN_UNDECLARED_SELECTOR = YES;
				GCC_WARN_UNINITIALIZED_AUTOS = YES_AGGRESSIVE;
				GCC_WARN_UNUSED_FUNCTION = YES;
				GCC_WARN_UNUSED_VARIABLE = YES;
				IPHONEOS_DEPLOYMENT_TARGET = 12.0;
				MTL_ENABLE_DEBUG_INFO = NO;
				SDKROOT = iphoneos;
				SWIFT_COMPILATION_MODE = wholemodule;
				SWIFT_OPTIMIZATION_LEVEL = "-O";
				VALIDATE_PRODUCT = YES;
			};
			name = Release;
		};
		A83F9A5420F7284800467A36 /* Debug */ = {
			isa = XCBuildConfiguration;
			buildSettings = {
				ASSETCATALOG_COMPILER_APPICON_NAME = AppIcon;
				CODE_SIGN_STYLE = Automatic;
				INFOPLIST_FILE = UIPageView/Info.plist;
				LD_RUNPATH_SEARCH_PATHS = (
					"$(inherited)",
					"@executable_path/Frameworks",
				);
				PRODUCT_BUNDLE_IDENTIFIER = ru.swiftbook.UIPageView;
				PRODUCT_NAME = "$(TARGET_NAME)";
				SWIFT_VERSION = 4.2;
				TARGETED_DEVICE_FAMILY = "1,2";
			};
			name = Debug;
		};
		A83F9A5520F7284800467A36 /* Release */ = {
			isa = XCBuildConfiguration;
			buildSettings = {
				ASSETCATALOG_COMPILER_APPICON_NAME = AppIcon;
				CODE_SIGN_STYLE = Automatic;
				INFOPLIST_FILE = UIPageView/Info.plist;
				LD_RUNPATH_SEARCH_PATHS = (
					"$(inherited)",
					"@executable_path/Frameworks",
				);
				PRODUCT_BUNDLE_IDENTIFIER = ru.swiftbook.UIPageView;
				PRODUCT_NAME = "$(TARGET_NAME)";
				SWIFT_VERSION = 4.2;
				TARGETED_DEVICE_FAMILY = "1,2";
			};
			name = Release;
		};
/* End XCBuildConfiguration section */

/* Begin XCConfigurationList section */
		A83F9A3C20F7284800467A36 /* Build configuration list for PBXProject "UIPageView" */ = {
			isa = XCConfigurationList;
			buildConfigurations = (
				A83F9A5120F7284800467A36 /* Debug */,
				A83F9A5220F7284800467A36 /* Release */,
			);
			defaultConfigurationIsVisible = 0;
			defaultConfigurationName = Release;
		};
		A83F9A5320F7284800467A36 /* Build configuration list for PBXNativeTarget "UIPageView" */ = {
			isa = XCConfigurationList;
			buildConfigurations = (
				A83F9A5420F7284800467A36 /* Debug */,
				A83F9A5520F7284800467A36 /* Release */,
			);
			defaultConfigurationIsVisible = 0;
			defaultConfigurationName = Release;
		};
/* End XCConfigurationList section */
	};
	rootObject = A83F9A3920F7284800467A36 /* Project object */;
}
